
Microsoft Visual Studio Solution File, Format Version 12.00
# Visual Studio Version 16
VisualStudioVersion = 16.0.30611.23
MinimumVisualStudioVersion = 10.0.40219.1
Project("{FAE04EC0-301F-11D3-BF4B-00C04F79EFBC}") = "PortalVet", "PortalVet\PortalVet.csproj", "{C1B3438C-24F6-4569-B5A2-2CE4F6E95EFA}"
EndProject
Project("{FAE04EC0-301F-11D3-BF4B-00C04F79EFBC}") = "PortalVet.Data", "PortalVet.Data\PortalVet.Data.csproj", "{F96703C2-634C-4291-AFD1-4496D188588D}"
EndProject
Global
	GlobalSection(SolutionConfigurationPlatforms) = preSolution
		Debug|Any CPU = Debug|Any CPU
		Release|Any CPU = Release|Any CPU
	EndGlobalSection
	GlobalSection(ProjectConfigurationPlatforms) = postSolution
		{C1B3438C-24F6-4569-B5A2-2CE4F6E95EFA}.Debug|Any CPU.ActiveCfg = Debug|Any CPU
		{C1B3438C-24F6-4569-B5A2-2CE4F6E95EFA}.Debug|Any CPU.Build.0 = Debug|Any CPU
		{C1B3438C-24F6-4569-B5A2-2CE4F6E95EFA}.Release|Any CPU.ActiveCfg = Release|Any CPU
		{C1B3438C-24F6-4569-B5A2-2CE4F6E95EFA}.Release|Any CPU.Build.0 = Release|Any CPU
		{F96703C2-634C-4291-AFD1-4496D188588D}.Debug|Any CPU.ActiveCfg = Debug|Any CPU
		{F96703C2-634C-4291-AFD1-4496D188588D}.Debug|Any CPU.Build.0 = Debug|Any CPU
		{F96703C2-634C-4291-AFD1-4496D188588D}.Release|Any CPU.ActiveCfg = Release|Any CPU
		{F96703C2-634C-4291-AFD1-4496D188588D}.Release|Any CPU.Build.0 = Release|Any CPU
	EndGlobalSection
	GlobalSection(SolutionProperties) = preSolution
		HideSolutionNode = FALSE
	EndGlobalSection
	GlobalSection(ExtensibilityGlobals) = postSolution
		SolutionGuid = {3CD4AB1C-D2F2-451B-83A6-EC20B93F5F43}
	EndGlobalSection
	GlobalSection(TeamFoundationVersionControl) = preSolution
		SccNumberOfProjects = 3
		SccEnterpriseProvider = {4CA58AB2-18FA-4F8D-95D4-32DDF27D184C}
		SccTeamFoundationServer = https://leandrofonseca81.visualstudio.com/
		SccLocalPath0 = .
		SccProjectUniqueName1 = PortalVet\\PortalVet.csproj
		SccProjectName1 = PortalVet
		SccLocalPath1 = PortalVet
		SccProjectUniqueName2 = PortalVet.Data\\PortalVet.Data.csproj
		SccProjectName2 = PortalVet.Data
		SccLocalPath2 = PortalVet.Data
	EndGlobalSection
EndGlobal
