
Microsoft Visual Studio Solution File, Format Version 12.00
# Visual Studio Version 16
VisualStudioVersion = 16.0.30611.23
MinimumVisualStudioVersion = 10.0.40219.1
Project("{FAE04EC0-301F-11D3-BF4B-00C04F79EFBC}") = "WebImagem", "WebImagem\WebImagem.csproj", "{4D828FC6-0ED9-4414-9F24-0655E98A8C29}"
EndProject
Global
	GlobalSection(SolutionConfigurationPlatforms) = preSolution
		Debug|Any CPU = Debug|Any CPU
		Release|Any CPU = Release|Any CPU
	EndGlobalSection
	GlobalSection(ProjectConfigurationPlatforms) = postSolution
		{4D828FC6-0ED9-4414-9F24-0655E98A8C29}.Debug|Any CPU.ActiveCfg = Debug|Any CPU
		{4D828FC6-0ED9-4414-9F24-0655E98A8C29}.Debug|Any CPU.Build.0 = Debug|Any CPU
		{4D828FC6-0ED9-4414-9F24-0655E98A8C29}.Release|Any CPU.ActiveCfg = Release|Any CPU
		{4D828FC6-0ED9-4414-9F24-0655E98A8C29}.Release|Any CPU.Build.0 = Release|Any CPU
	EndGlobalSection
	GlobalSection(SolutionProperties) = preSolution
		HideSolutionNode = FALSE
	EndGlobalSection
	GlobalSection(ExtensibilityGlobals) = postSolution
		SolutionGuid = {5D36B7CB-BB3D-4373-B64C-DD21BB4F0683}
	EndGlobalSection
	GlobalSection(TeamFoundationVersionControl) = preSolution
		SccNumberOfProjects = 2
		SccEnterpriseProvider = {4CA58AB2-18FA-4F8D-95D4-32DDF27D184C}
		SccTeamFoundationServer = https://leandrofonseca81.visualstudio.com/
		SccLocalPath0 = .
		SccProjectUniqueName1 = WebImagem\\WebImagem.csproj
		SccProjectName1 = WebImagem
		SccLocalPath1 = WebImagem
	EndGlobalSection
EndGlobal
